
Microsoft Visual Studio Solution File, Format Version 12.00
# Visual Studio Version 17
VisualStudioVersion = 17.8.34316.72
MinimumVisualStudioVersion = 10.0.40219.1
Project("{9A19103F-16F7-4668-BE54-9A1E7A4F7556}") = "BL", "BL\BL.csproj", "{E5D1E250-F358-4CB1-82D7-B8B7CECB2322}"
EndProject
Project("{9A19103F-16F7-4668-BE54-9A1E7A4F7556}") = "DataAccess", "DataAccess\DataAccess.csproj", "{21460994-B589-4339-8AA5-961DFB024B14}"
EndProject
Project("{9A19103F-16F7-4668-BE54-9A1E7A4F7556}") = "Service", "Service\Service.csproj", "{80BB502F-8D38-479E-8AED-A985896A402B}"
EndProject
Project("{2150E333-8FDC-42A3-9474-1A3956D46DE8}") = "Tests", "Tests", "{13C41505-197A-4A45-9A90-33EA856647C9}"
EndProject
Project("{9A19103F-16F7-4668-BE54-9A1E7A4F7556}") = "BL.UnitTests", "Tests\BL.UnitTests\BL.UnitTests.csproj", "{C131CDE5-172E-4EC4-98C0-C42F9548B688}"
EndProject
Project("{9A19103F-16F7-4668-BE54-9A1E7A4F7556}") = "DataAccess.UnitTests", "Tests\DataAccess.UnitTests\DataAccess.UnitTests.csproj", "{AFCA526B-5CC3-4CF9-A738-0D0652CD96A7}"
EndProject
Project("{FAE04EC0-301F-11D3-BF4B-00C04F79EFBC}") = "Service.UnitTests", "Tests\Service.UnitTests\Service.UnitTests.csproj", "{B6DEFFB2-0B77-41FF-9BC9-7ACF4F2723F4}"
EndProject
Global
	GlobalSection(SolutionConfigurationPlatforms) = preSolution
		Debug|Any CPU = Debug|Any CPU
		Release|Any CPU = Release|Any CPU
	EndGlobalSection
	GlobalSection(ProjectConfigurationPlatforms) = postSolution
		{E5D1E250-F358-4CB1-82D7-B8B7CECB2322}.Debug|Any CPU.ActiveCfg = Debug|Any CPU
		{E5D1E250-F358-4CB1-82D7-B8B7CECB2322}.Debug|Any CPU.Build.0 = Debug|Any CPU
		{E5D1E250-F358-4CB1-82D7-B8B7CECB2322}.Release|Any CPU.ActiveCfg = Release|Any CPU
		{E5D1E250-F358-4CB1-82D7-B8B7CECB2322}.Release|Any CPU.Build.0 = Release|Any CPU
		{21460994-B589-4339-8AA5-961DFB024B14}.Debug|Any CPU.ActiveCfg = Debug|Any CPU
		{21460994-B589-4339-8AA5-961DFB024B14}.Debug|Any CPU.Build.0 = Debug|Any CPU
		{21460994-B589-4339-8AA5-961DFB024B14}.Release|Any CPU.ActiveCfg = Release|Any CPU
		{21460994-B589-4339-8AA5-961DFB024B14}.Release|Any CPU.Build.0 = Release|Any CPU
		{80BB502F-8D38-479E-8AED-A985896A402B}.Debug|Any CPU.ActiveCfg = Debug|Any CPU
		{80BB502F-8D38-479E-8AED-A985896A402B}.Debug|Any CPU.Build.0 = Debug|Any CPU
		{80BB502F-8D38-479E-8AED-A985896A402B}.Release|Any CPU.ActiveCfg = Release|Any CPU
		{80BB502F-8D38-479E-8AED-A985896A402B}.Release|Any CPU.Build.0 = Release|Any CPU
		{C131CDE5-172E-4EC4-98C0-C42F9548B688}.Debug|Any CPU.ActiveCfg = Debug|Any CPU
		{C131CDE5-172E-4EC4-98C0-C42F9548B688}.Debug|Any CPU.Build.0 = Debug|Any CPU
		{C131CDE5-172E-4EC4-98C0-C42F9548B688}.Release|Any CPU.ActiveCfg = Release|Any CPU
		{C131CDE5-172E-4EC4-98C0-C42F9548B688}.Release|Any CPU.Build.0 = Release|Any CPU
		{AFCA526B-5CC3-4CF9-A738-0D0652CD96A7}.Debug|Any CPU.ActiveCfg = Debug|Any CPU
		{AFCA526B-5CC3-4CF9-A738-0D0652CD96A7}.Debug|Any CPU.Build.0 = Debug|Any CPU
		{AFCA526B-5CC3-4CF9-A738-0D0652CD96A7}.Release|Any CPU.ActiveCfg = Release|Any CPU
		{AFCA526B-5CC3-4CF9-A738-0D0652CD96A7}.Release|Any CPU.Build.0 = Release|Any CPU
		{B6DEFFB2-0B77-41FF-9BC9-7ACF4F2723F4}.Debug|Any CPU.ActiveCfg = Debug|Any CPU
		{B6DEFFB2-0B77-41FF-9BC9-7ACF4F2723F4}.Debug|Any CPU.Build.0 = Debug|Any CPU
		{B6DEFFB2-0B77-41FF-9BC9-7ACF4F2723F4}.Release|Any CPU.ActiveCfg = Release|Any CPU
		{B6DEFFB2-0B77-41FF-9BC9-7ACF4F2723F4}.Release|Any CPU.Build.0 = Release|Any CPU
	EndGlobalSection
	GlobalSection(SolutionProperties) = preSolution
		HideSolutionNode = FALSE
	EndGlobalSection
	GlobalSection(NestedProjects) = preSolution
		{C131CDE5-172E-4EC4-98C0-C42F9548B688} = {13C41505-197A-4A45-9A90-33EA856647C9}
		{AFCA526B-5CC3-4CF9-A738-0D0652CD96A7} = {13C41505-197A-4A45-9A90-33EA856647C9}
		{B6DEFFB2-0B77-41FF-9BC9-7ACF4F2723F4} = {13C41505-197A-4A45-9A90-33EA856647C9}
	EndGlobalSection
	GlobalSection(ExtensibilityGlobals) = postSolution
		SolutionGuid = {92E8FE0B-4285-4D0C-B226-426BBCD49B35}
	EndGlobalSection
EndGlobal
